
Microsoft Visual Studio Solution File, Format Version 12.00
# Visual Studio Version 17
VisualStudioVersion = 17.9.34723.18
MinimumVisualStudioVersion = 10.0.40219.1
Project("{9A19103F-16F7-4668-BE54-9A1E7A4F7556}") = "coding-test-api", "coding-test-api\coding-test-api.csproj", "{6F3383A4-08D0-4C85-8887-0129025713F8}"
EndProject
Project("{FAE04EC0-301F-11D3-BF4B-00C04F79EFBC}") = "coding-test-api-test", "coding-test-api-test\coding-test-api-test.csproj", "{0DA50B2E-D343-4187-8D26-13E55E6A9BB3}"
EndProject
Project("{FAE04EC0-301F-11D3-BF4B-00C04F79EFBC}") = "coding-test-model", "coding-test-model\coding-test-model.csproj", "{B4B43591-DB36-413C-B794-01B1F779A99B}"
EndProject
Project("{2150E333-8FDC-42A3-9474-1A3956D46DE8}") = "ソリューション項目", "ソリューション項目", "{BAAE9A45-20A8-4D74-8E8E-F80DAB9591D2}"
	ProjectSection(SolutionItems) = preProject
		docs\README.md = docs\README.md
		docs\SolutionDescription.md = docs\SolutionDescription.md
	EndProjectSection
EndProject
Global
	GlobalSection(SolutionConfigurationPlatforms) = preSolution
		Debug|Any CPU = Debug|Any CPU
		Release|Any CPU = Release|Any CPU
	EndGlobalSection
	GlobalSection(ProjectConfigurationPlatforms) = postSolution
		{6F3383A4-08D0-4C85-8887-0129025713F8}.Debug|Any CPU.ActiveCfg = Debug|Any CPU
		{6F3383A4-08D0-4C85-8887-0129025713F8}.Debug|Any CPU.Build.0 = Debug|Any CPU
		{6F3383A4-08D0-4C85-8887-0129025713F8}.Release|Any CPU.ActiveCfg = Release|Any CPU
		{6F3383A4-08D0-4C85-8887-0129025713F8}.Release|Any CPU.Build.0 = Release|Any CPU
		{0DA50B2E-D343-4187-8D26-13E55E6A9BB3}.Debug|Any CPU.ActiveCfg = Debug|Any CPU
		{0DA50B2E-D343-4187-8D26-13E55E6A9BB3}.Debug|Any CPU.Build.0 = Debug|Any CPU
		{0DA50B2E-D343-4187-8D26-13E55E6A9BB3}.Release|Any CPU.ActiveCfg = Release|Any CPU
		{0DA50B2E-D343-4187-8D26-13E55E6A9BB3}.Release|Any CPU.Build.0 = Release|Any CPU
		{B4B43591-DB36-413C-B794-01B1F779A99B}.Debug|Any CPU.ActiveCfg = Debug|Any CPU
		{B4B43591-DB36-413C-B794-01B1F779A99B}.Debug|Any CPU.Build.0 = Debug|Any CPU
		{B4B43591-DB36-413C-B794-01B1F779A99B}.Release|Any CPU.ActiveCfg = Release|Any CPU
		{B4B43591-DB36-413C-B794-01B1F779A99B}.Release|Any CPU.Build.0 = Release|Any CPU
	EndGlobalSection
	GlobalSection(SolutionProperties) = preSolution
		HideSolutionNode = FALSE
	EndGlobalSection
	GlobalSection(ExtensibilityGlobals) = postSolution
		SolutionGuid = {A9CD072B-E91D-4A25-8570-47CE818D337D}
	EndGlobalSection
EndGlobal
